# This file is automatically @generated by Cargo.
# It is not intended for manual editing.
version = 4

[[package]]
name = "console-application"
version = "0.1.0"
dependencies = [
 "console-domain",
]

[[package]]
name = "console-arch-check"
version = "0.1.0"

[[package]]
name = "console-domain"
version = "0.1.0"

[[package]]
name = "livespec-console-beads-fabro"
version = "0.1.0"
dependencies = [
 "console-application",
 "console-domain",
]
