version = 1
revision = 3
requires-python = ">=3.10.16"
resolution-markers = [
    "python_full_version >= '3.11'",
    "python_full_version < '3.11'",
]

[[package]]
name = "livespec-console-beads-fabro"
version = "0.0.0"
source = { virtual = "." }

[package.dev-dependencies]
dev = [
    { name = "livespec-dev-tooling" },
    { name = "livespec-runtime" },
    { name = "typing-extensions" },
]

[package.metadata]

[package.metadata.requires-dev]
dev = [
    { name = "livespec-dev-tooling", git = "https://github.com/thewoolleyman/livespec-dev-tooling.git?tag=v1.29.3" },
    { name = "livespec-runtime", git = "https://github.com/thewoolleyman/livespec-runtime.git?tag=v0.21.2" },
    { name = "typing-extensions", specifier = "==4.15.0" },
]

[[package]]
name = "livespec-dev-tooling"
version = "1.29.3"
source = { git = "https://github.com/thewoolleyman/livespec-dev-tooling.git?tag=v1.29.3#2c93226437a2192344e8634e54a8cfb0f838af78" }

[[package]]
name = "livespec-runtime"
version = "0.21.2"
source = { git = "https://github.com/thewoolleyman/livespec-runtime.git?tag=v0.21.2#b3e1b55c97996292e3a0b4dc5e7b699becf92291" }
dependencies = [
    { name = "returns", version = "0.26.0", source = { registry = "https://pypi.org/simple" }, marker = "python_full_version < '3.11'" },
    { name = "returns", version = "0.29.0", source = { registry = "https://pypi.org/simple" }, marker = "python_full_version >= '3.11'" },
    { name = "typing-extensions" },
]

[[package]]
name = "returns"
version = "0.26.0"
source = { registry = "https://pypi.org/simple" }
resolution-markers = [
    "python_full_version < '3.11'",
]
dependencies = [
    { name = "typing-extensions", marker = "python_full_version < '3.11'" },
]
sdist = { url = "https://files.pythonhosted.org/packages/06/c2/6dda7ef39464568152e35c766a8b49ab1cdb1b03a5891441a7c2fa40dc61/returns-0.26.0.tar.gz", hash = "sha256:180320e0f6e9ea9845330ccfc020f542330f05b7250941d9b9b7c00203fcc3da", size = 105300, upload-time = "2025-07-24T13:11:21.772Z" }
wheels = [
    { url = "https://files.pythonhosted.org/packages/57/4d/a7545bf6c62b0dbe5795f22ea9e88cc070fdced5c34663ebc5bed2f610c0/returns-0.26.0-py3-none-any.whl", hash = "sha256:7cae94c730d6c56ffd9d0f583f7a2c0b32cfe17d141837150c8e6cff3eb30d71", size = 160515, upload-time = "2025-07-24T13:11:20.041Z" },
]

[[package]]
name = "returns"
version = "0.29.0"
source = { registry = "https://pypi.org/simple" }
resolution-markers = [
    "python_full_version >= '3.11'",
]
dependencies = [
    { name = "typing-extensions", marker = "python_full_version >= '3.11'" },
]
sdist = { url = "https://files.pythonhosted.org/packages/29/e6/f5ada68dfb47e9c032683813f3cd9a810978d8ce541866d365076215906f/returns-0.29.0.tar.gz", hash = "sha256:fd9831594403229595dc705fee632a9be24a497df10aa3b9b72405d75d54e8ad", size = 106314, upload-time = "2026-08-02T08:36:26.976Z" }
wheels = [
    { url = "https://files.pythonhosted.org/packages/c2/b6/660f9724d574eee210ba89cc8fc2c41a5d960947bcea7d780847ce766e21/returns-0.29.0-py3-none-any.whl", hash = "sha256:db43c06d228f84b3d93c0418313c37c5ee4ecdb7a0f10326c24444f9baaf074c", size = 160951, upload-time = "2026-08-02T08:36:28.291Z" },
]

[[package]]
name = "typing-extensions"
version = "4.15.0"
source = { registry = "https://pypi.org/simple" }
sdist = { url = "https://files.pythonhosted.org/packages/72/94/1a15dd82efb362ac84269196e94cf00f187f7ed21c242792a923cdb1c61f/typing_extensions-4.15.0.tar.gz", hash = "sha256:0cea48d173cc12fa28ecabc3b837ea3cf6f38c6d1136f85cbaaf598984861466", size = 109391, upload-time = "2025-08-25T13:49:26.313Z" }
wheels = [
    { url = "https://files.pythonhosted.org/packages/18/67/36e9267722cc04a6b9f15c7f3441c2363321a3ea07da7ae0c0707beb2a9c/typing_extensions-4.15.0-py3-none-any.whl", hash = "sha256:f0fa19c6845758ab08074a0cfa8b7aecb71c999ca73d62883bc25cc018c4e548", size = 44614, upload-time = "2025-08-25T13:49:24.86Z" },
]
